{
  "name": "nexus-frontend",
  "version": "1.0.0",
  "lockfileVersion": 3,
  "requires": true,
  "packages": {
    "": {
      "name": "nexus-frontend",
      "version": "1.0.0",
      "dependencies": {
        "@vitejs/plugin-react": "5.0.4",
        "plotly.js-dist-min": "3.1.1",
        "react": "19.1.1",
        "react-dom": "19.1.1",
        "react-plotly.js": "2.6.0",
        "typescript": "5.9.2",
        "vite": "7.1.7"
      }
    }
  }
}
